
Microsoft Visual Studio Solution File, Format Version 12.00
# Visual Studio Version 16
VisualStudioVersion = 16.0.32802.440
MinimumVisualStudioVersion = 10.0.40219.1
Project("{FAE04EC0-301F-11D3-BF4B-00C04F79EFBC}") = "DotNetCoreWebAPI", "DotNetCoreWebAPI\DotNetCoreWebAPI.csproj", "{A94A7F7A-9E56-4921-B60E-3D559CDAB13A}"
EndProject
Global
	GlobalSection(SolutionConfigurationPlatforms) = preSolution
		Debug|Any CPU = Debug|Any CPU
		Release|Any CPU = Release|Any CPU
	EndGlobalSection
	GlobalSection(ProjectConfigurationPlatforms) = postSolution
		{A94A7F7A-9E56-4921-B60E-3D559CDAB13A}.Debug|Any CPU.ActiveCfg = Debug|Any CPU
		{A94A7F7A-9E56-4921-B60E-3D559CDAB13A}.Debug|Any CPU.Build.0 = Debug|Any CPU
		{A94A7F7A-9E56-4921-B60E-3D559CDAB13A}.Release|Any CPU.ActiveCfg = Release|Any CPU
		{A94A7F7A-9E56-4921-B60E-3D559CDAB13A}.Release|Any CPU.Build.0 = Release|Any CPU
	EndGlobalSection
	GlobalSection(SolutionProperties) = preSolution
		HideSolutionNode = FALSE
	EndGlobalSection
	GlobalSection(ExtensibilityGlobals) = postSolution
		SolutionGuid = {C5221991-BDD1-46FF-A83A-6DD195D80968}
	EndGlobalSection
EndGlobal
